
Microsoft Visual Studio Solution File, Format Version 12.00
# Visual Studio Version 16
VisualStudioVersion = 16.0.29503.13
MinimumVisualStudioVersion = 10.0.40219.1
Project("{8BC9CEB8-8B4A-11D0-8D11-00A0C91BC942}") = "1014. 福尔摩斯的约会 (20)", "..\仰望的项目\1014. 福尔摩斯的约会 (20)\1014. 福尔摩斯的约会 (20).vcxproj", "{DC19EE67-3A8D-46C1-B44C-EEA4861F9D54}"
EndProject
Project("{8BC9CEB8-8B4A-11D0-8D11-00A0C91BC942}") = "1001. 害死人不偿命的(3n+1)猜想", "..\仰望的项目\1001. 害死人不偿命的(3n+1)猜想\1001. 害死人不偿命的(3n+1)猜想.vcxproj", "{3F3F09DE-750E-4688-B2F7-0D3362D6BE42}"
EndProject
Project("{8BC9CEB8-8B4A-11D0-8D11-00A0C91BC942}") = "1002.写出这个数", "..\仰望的项目\1002.写出这个数\1002.写出这个数.vcxproj", "{E0A6BC6F-C943-45A5-81F0-F669347B5F76}"
EndProject
Project("{8BC9CEB8-8B4A-11D0-8D11-00A0C91BC942}") = "1004. 成绩排名 (20)", "..\仰望的项目\1004. 成绩排名 (20)\1004. 成绩排名 (20).vcxproj", "{155C7DD2-4369-42FB-88B0-502DF76C30B3}"
EndProject
Project("{8BC9CEB8-8B4A-11D0-8D11-00A0C91BC942}") = "1005. 继续(3n+1)猜想 (25)", "..\仰望的项目\1005. 继续(3n+1)猜想 (25)\1005. 继续(3n+1)猜想 (25).vcxproj", "{45A5E887-2B04-40AB-B055-91BAEF13C960}"
EndProject
Project("{8BC9CEB8-8B4A-11D0-8D11-00A0C91BC942}") = "1006. 换个格式输出整数 (15)", "..\仰望的项目\1006. 换个格式输出整数 (15)\1006. 换个格式输出整数 (15).vcxproj", "{A2E5F2BE-C7D1-4C63-8BE7-F7A5792BA8F5}"
EndProject
Project("{8BC9CEB8-8B4A-11D0-8D11-00A0C91BC942}") = "1007. 素数对猜想 (20)", "..\仰望的项目\1007. 素数对猜想 (20)\1007. 素数对猜想 (20).vcxproj", "{2064A3B0-AA9F-4CCA-BF71-16B7967800F9}"
EndProject
Project("{8BC9CEB8-8B4A-11D0-8D11-00A0C91BC942}") = "1008. 数组元素循环右移问题 (20)", "..\仰望的项目\1008. 数组元素循环右移问题 (20)\1008. 数组元素循环右移问题 (20).vcxproj", "{166114A5-4869-4E38-91CE-F889BF00FEBB}"
EndProject
Project("{8BC9CEB8-8B4A-11D0-8D11-00A0C91BC942}") = "1009. 说反话 (20)", "..\仰望的项目\1009. 说反话 (20)\1009. 说反话 (20).vcxproj", "{0734CAE4-2C52-4D03-90F2-D92D1EA81E95}"
EndProject
Project("{8BC9CEB8-8B4A-11D0-8D11-00A0C91BC942}") = "1010. 一元多项式求导 (25)", "..\仰望的项目\1010. 一元多项式求导 (25)\1010. 一元多项式求导 (25).vcxproj", "{CC21436D-E6C5-448C-8EB2-C3012B53E88B}"
EndProject
Project("{8BC9CEB8-8B4A-11D0-8D11-00A0C91BC942}") = "1011. A+B和C (15)", "..\仰望的项目\1011. A+B和C (15)\1011. A+B和C (15).vcxproj", "{3168BCDA-E481-4678-8B60-A716323059A5}"
EndProject
Project("{8BC9CEB8-8B4A-11D0-8D11-00A0C91BC942}") = "1012. 数字分类 (20)", "..\仰望的项目\1012. 数字分类 (20)\1012. 数字分类 (20).vcxproj", "{C896B34F-FFE0-4798-AC13-016078BE9C5B}"
EndProject
Project("{8BC9CEB8-8B4A-11D0-8D11-00A0C91BC942}") = "1013. 数素数 (20)", "..\仰望的项目\1013. 数素数 (20)\1013. 数素数 (20).vcxproj", "{9566902C-5941-4CB3-AA16-247A3A7D074C}"
EndProject
Global
	GlobalSection(SolutionConfigurationPlatforms) = preSolution
		1111|x64 = 1111|x64
		1111|x86 = 1111|x86
		Debug|x64 = Debug|x64
		Debug|x86 = Debug|x86
		Release|x64 = Release|x64
		Release|x86 = Release|x86
		你好|x64 = 你好|x64
		你好|x86 = 你好|x86
	EndGlobalSection
	GlobalSection(ProjectConfigurationPlatforms) = postSolution
		{DC19EE67-3A8D-46C1-B44C-EEA4861F9D54}.1111|x64.ActiveCfg = Release|x64
		{DC19EE67-3A8D-46C1-B44C-EEA4861F9D54}.1111|x64.Build.0 = Release|x64
		{DC19EE67-3A8D-46C1-B44C-EEA4861F9D54}.1111|x86.ActiveCfg = 你好|Win32
		{DC19EE67-3A8D-46C1-B44C-EEA4861F9D54}.1111|x86.Build.0 = 你好|Win32
		{DC19EE67-3A8D-46C1-B44C-EEA4861F9D54}.Debug|x64.ActiveCfg = Debug|x64
		{DC19EE67-3A8D-46C1-B44C-EEA4861F9D54}.Debug|x64.Build.0 = Debug|x64
		{DC19EE67-3A8D-46C1-B44C-EEA4861F9D54}.Debug|x86.ActiveCfg = Debug|Win32
		{DC19EE67-3A8D-46C1-B44C-EEA4861F9D54}.Debug|x86.Build.0 = Debug|Win32
		{DC19EE67-3A8D-46C1-B44C-EEA4861F9D54}.Release|x64.ActiveCfg = Release|x64
		{DC19EE67-3A8D-46C1-B44C-EEA4861F9D54}.Release|x64.Build.0 = Release|x64
		{DC19EE67-3A8D-46C1-B44C-EEA4861F9D54}.Release|x86.ActiveCfg = Release|Win32
		{DC19EE67-3A8D-46C1-B44C-EEA4861F9D54}.Release|x86.Build.0 = Release|Win32
		{DC19EE67-3A8D-46C1-B44C-EEA4861F9D54}.你好|x64.ActiveCfg = 你好|x64
		{DC19EE67-3A8D-46C1-B44C-EEA4861F9D54}.你好|x64.Build.0 = 你好|x64
		{DC19EE67-3A8D-46C1-B44C-EEA4861F9D54}.你好|x86.ActiveCfg = 你好|Win32
		{DC19EE67-3A8D-46C1-B44C-EEA4861F9D54}.你好|x86.Build.0 = 你好|Win32
		{3F3F09DE-750E-4688-B2F7-0D3362D6BE42}.1111|x64.ActiveCfg = 1111|x64
		{3F3F09DE-750E-4688-B2F7-0D3362D6BE42}.1111|x64.Build.0 = 1111|x64
		{3F3F09DE-750E-4688-B2F7-0D3362D6BE42}.1111|x86.ActiveCfg = 1111|Win32
		{3F3F09DE-750E-4688-B2F7-0D3362D6BE42}.1111|x86.Build.0 = 1111|Win32
		{3F3F09DE-750E-4688-B2F7-0D3362D6BE42}.Debug|x64.ActiveCfg = Debug|x64
		{3F3F09DE-750E-4688-B2F7-0D3362D6BE42}.Debug|x64.Build.0 = Debug|x64
		{3F3F09DE-750E-4688-B2F7-0D3362D6BE42}.Debug|x86.ActiveCfg = Debug|Win32
		{3F3F09DE-750E-4688-B2F7-0D3362D6BE42}.Debug|x86.Build.0 = Debug|Win32
		{3F3F09DE-750E-4688-B2F7-0D3362D6BE42}.Release|x64.ActiveCfg = Release|x64
		{3F3F09DE-750E-4688-B2F7-0D3362D6BE42}.Release|x64.Build.0 = Release|x64
		{3F3F09DE-750E-4688-B2F7-0D3362D6BE42}.Release|x86.ActiveCfg = Release|Win32
		{3F3F09DE-750E-4688-B2F7-0D3362D6BE42}.Release|x86.Build.0 = Release|Win32
		{3F3F09DE-750E-4688-B2F7-0D3362D6BE42}.你好|x64.ActiveCfg = 你好|x64
		{3F3F09DE-750E-4688-B2F7-0D3362D6BE42}.你好|x64.Build.0 = 你好|x64
		{3F3F09DE-750E-4688-B2F7-0D3362D6BE42}.你好|x86.ActiveCfg = 你好|Win32
		{3F3F09DE-750E-4688-B2F7-0D3362D6BE42}.你好|x86.Build.0 = 你好|Win32
		{E0A6BC6F-C943-45A5-81F0-F669347B5F76}.1111|x64.ActiveCfg = 1111|x64
		{E0A6BC6F-C943-45A5-81F0-F669347B5F76}.1111|x64.Build.0 = 1111|x64
		{E0A6BC6F-C943-45A5-81F0-F669347B5F76}.1111|x86.ActiveCfg = 1111|Win32
		{E0A6BC6F-C943-45A5-81F0-F669347B5F76}.1111|x86.Build.0 = 1111|Win32
		{E0A6BC6F-C943-45A5-81F0-F669347B5F76}.Debug|x64.ActiveCfg = Debug|x64
		{E0A6BC6F-C943-45A5-81F0-F669347B5F76}.Debug|x64.Build.0 = Debug|x64
		{E0A6BC6F-C943-45A5-81F0-F669347B5F76}.Debug|x86.ActiveCfg = Debug|Win32
		{E0A6BC6F-C943-45A5-81F0-F669347B5F76}.Debug|x86.Build.0 = Debug|Win32
		{E0A6BC6F-C943-45A5-81F0-F669347B5F76}.Release|x64.ActiveCfg = Release|x64
		{E0A6BC6F-C943-45A5-81F0-F669347B5F76}.Release|x64.Build.0 = Release|x64
		{E0A6BC6F-C943-45A5-81F0-F669347B5F76}.Release|x86.ActiveCfg = Release|Win32
		{E0A6BC6F-C943-45A5-81F0-F669347B5F76}.Release|x86.Build.0 = Release|Win32
		{E0A6BC6F-C943-45A5-81F0-F669347B5F76}.你好|x64.ActiveCfg = 你好|x64
		{E0A6BC6F-C943-45A5-81F0-F669347B5F76}.你好|x64.Build.0 = 你好|x64
		{E0A6BC6F-C943-45A5-81F0-F669347B5F76}.你好|x86.ActiveCfg = 你好|Win32
		{E0A6BC6F-C943-45A5-81F0-F669347B5F76}.你好|x86.Build.0 = 你好|Win32
		{155C7DD2-4369-42FB-88B0-502DF76C30B3}.1111|x64.ActiveCfg = 1111|x64
		{155C7DD2-4369-42FB-88B0-502DF76C30B3}.1111|x64.Build.0 = 1111|x64
		{155C7DD2-4369-42FB-88B0-502DF76C30B3}.1111|x86.ActiveCfg = 1111|Win32
		{155C7DD2-4369-42FB-88B0-502DF76C30B3}.1111|x86.Build.0 = 1111|Win32
		{155C7DD2-4369-42FB-88B0-502DF76C30B3}.Debug|x64.ActiveCfg = Debug|x64
		{155C7DD2-4369-42FB-88B0-502DF76C30B3}.Debug|x64.Build.0 = Debug|x64
		{155C7DD2-4369-42FB-88B0-502DF76C30B3}.Debug|x86.ActiveCfg = Debug|Win32
		{155C7DD2-4369-42FB-88B0-502DF76C30B3}.Debug|x86.Build.0 = Debug|Win32
		{155C7DD2-4369-42FB-88B0-502DF76C30B3}.Release|x64.ActiveCfg = Release|x64
		{155C7DD2-4369-42FB-88B0-502DF76C30B3}.Release|x64.Build.0 = Release|x64
		{155C7DD2-4369-42FB-88B0-502DF76C30B3}.Release|x86.ActiveCfg = Release|Win32
		{155C7DD2-4369-42FB-88B0-502DF76C30B3}.Release|x86.Build.0 = Release|Win32
		{155C7DD2-4369-42FB-88B0-502DF76C30B3}.你好|x64.ActiveCfg = 你好|x64
		{155C7DD2-4369-42FB-88B0-502DF76C30B3}.你好|x64.Build.0 = 你好|x64
		{155C7DD2-4369-42FB-88B0-502DF76C30B3}.你好|x86.ActiveCfg = 你好|Win32
		{155C7DD2-4369-42FB-88B0-502DF76C30B3}.你好|x86.Build.0 = 你好|Win32
		{45A5E887-2B04-40AB-B055-91BAEF13C960}.1111|x64.ActiveCfg = 1111|x64
		{45A5E887-2B04-40AB-B055-91BAEF13C960}.1111|x64.Build.0 = 1111|x64
		{45A5E887-2B04-40AB-B055-91BAEF13C960}.1111|x86.ActiveCfg = 1111|Win32
		{45A5E887-2B04-40AB-B055-91BAEF13C960}.1111|x86.Build.0 = 1111|Win32
		{45A5E887-2B04-40AB-B055-91BAEF13C960}.Debug|x64.ActiveCfg = Debug|x64
		{45A5E887-2B04-40AB-B055-91BAEF13C960}.Debug|x64.Build.0 = Debug|x64
		{45A5E887-2B04-40AB-B055-91BAEF13C960}.Debug|x86.ActiveCfg = Debug|Win32
		{45A5E887-2B04-40AB-B055-91BAEF13C960}.Debug|x86.Build.0 = Debug|Win32
		{45A5E887-2B04-40AB-B055-91BAEF13C960}.Release|x64.ActiveCfg = Release|x64
		{45A5E887-2B04-40AB-B055-91BAEF13C960}.Release|x64.Build.0 = Release|x64
		{45A5E887-2B04-40AB-B055-91BAEF13C960}.Release|x86.ActiveCfg = Release|Win32
		{45A5E887-2B04-40AB-B055-91BAEF13C960}.Release|x86.Build.0 = Release|Win32
		{45A5E887-2B04-40AB-B055-91BAEF13C960}.你好|x64.ActiveCfg = 你好|x64
		{45A5E887-2B04-40AB-B055-91BAEF13C960}.你好|x64.Build.0 = 你好|x64
		{45A5E887-2B04-40AB-B055-91BAEF13C960}.你好|x86.ActiveCfg = 你好|Win32
		{45A5E887-2B04-40AB-B055-91BAEF13C960}.你好|x86.Build.0 = 你好|Win32
		{A2E5F2BE-C7D1-4C63-8BE7-F7A5792BA8F5}.1111|x64.ActiveCfg = Release|x64
		{A2E5F2BE-C7D1-4C63-8BE7-F7A5792BA8F5}.1111|x64.Build.0 = Release|x64
		{A2E5F2BE-C7D1-4C63-8BE7-F7A5792BA8F5}.1111|x86.ActiveCfg = 你好|Win32
		{A2E5F2BE-C7D1-4C63-8BE7-F7A5792BA8F5}.1111|x86.Build.0 = 你好|Win32
		{A2E5F2BE-C7D1-4C63-8BE7-F7A5792BA8F5}.Debug|x64.ActiveCfg = Debug|x64
		{A2E5F2BE-C7D1-4C63-8BE7-F7A5792BA8F5}.Debug|x64.Build.0 = Debug|x64
		{A2E5F2BE-C7D1-4C63-8BE7-F7A5792BA8F5}.Debug|x86.ActiveCfg = Debug|Win32
		{A2E5F2BE-C7D1-4C63-8BE7-F7A5792BA8F5}.Debug|x86.Build.0 = Debug|Win32
		{A2E5F2BE-C7D1-4C63-8BE7-F7A5792BA8F5}.Release|x64.ActiveCfg = Release|x64
		{A2E5F2BE-C7D1-4C63-8BE7-F7A5792BA8F5}.Release|x64.Build.0 = Release|x64
		{A2E5F2BE-C7D1-4C63-8BE7-F7A5792BA8F5}.Release|x86.ActiveCfg = Release|Win32
		{A2E5F2BE-C7D1-4C63-8BE7-F7A5792BA8F5}.Release|x86.Build.0 = Release|Win32
		{A2E5F2BE-C7D1-4C63-8BE7-F7A5792BA8F5}.你好|x64.ActiveCfg = 你好|x64
		{A2E5F2BE-C7D1-4C63-8BE7-F7A5792BA8F5}.你好|x64.Build.0 = 你好|x64
		{A2E5F2BE-C7D1-4C63-8BE7-F7A5792BA8F5}.你好|x86.ActiveCfg = 你好|Win32
		{A2E5F2BE-C7D1-4C63-8BE7-F7A5792BA8F5}.你好|x86.Build.0 = 你好|Win32
		{2064A3B0-AA9F-4CCA-BF71-16B7967800F9}.1111|x64.ActiveCfg = Release|x64
		{2064A3B0-AA9F-4CCA-BF71-16B7967800F9}.1111|x64.Build.0 = Release|x64
		{2064A3B0-AA9F-4CCA-BF71-16B7967800F9}.1111|x86.ActiveCfg = 你好|Win32
		{2064A3B0-AA9F-4CCA-BF71-16B7967800F9}.1111|x86.Build.0 = 你好|Win32
		{2064A3B0-AA9F-4CCA-BF71-16B7967800F9}.Debug|x64.ActiveCfg = Debug|x64
		{2064A3B0-AA9F-4CCA-BF71-16B7967800F9}.Debug|x64.Build.0 = Debug|x64
		{2064A3B0-AA9F-4CCA-BF71-16B7967800F9}.Debug|x86.ActiveCfg = Debug|Win32
		{2064A3B0-AA9F-4CCA-BF71-16B7967800F9}.Debug|x86.Build.0 = Debug|Win32
		{2064A3B0-AA9F-4CCA-BF71-16B7967800F9}.Release|x64.ActiveCfg = Release|x64
		{2064A3B0-AA9F-4CCA-BF71-16B7967800F9}.Release|x64.Build.0 = Release|x64
		{2064A3B0-AA9F-4CCA-BF71-16B7967800F9}.Release|x86.ActiveCfg = Release|Win32
		{2064A3B0-AA9F-4CCA-BF71-16B7967800F9}.Release|x86.Build.0 = Release|Win32
		{2064A3B0-AA9F-4CCA-BF71-16B7967800F9}.你好|x64.ActiveCfg = 你好|x64
		{2064A3B0-AA9F-4CCA-BF71-16B7967800F9}.你好|x64.Build.0 = 你好|x64
		{2064A3B0-AA9F-4CCA-BF71-16B7967800F9}.你好|x86.ActiveCfg = 你好|Win32
		{2064A3B0-AA9F-4CCA-BF71-16B7967800F9}.你好|x86.Build.0 = 你好|Win32
		{166114A5-4869-4E38-91CE-F889BF00FEBB}.1111|x64.ActiveCfg = Release|x64
		{166114A5-4869-4E38-91CE-F889BF00FEBB}.1111|x64.Build.0 = Release|x64
		{166114A5-4869-4E38-91CE-F889BF00FEBB}.1111|x86.ActiveCfg = 你好|Win32
		{166114A5-4869-4E38-91CE-F889BF00FEBB}.1111|x86.Build.0 = 你好|Win32
		{166114A5-4869-4E38-91CE-F889BF00FEBB}.Debug|x64.ActiveCfg = Debug|x64
		{166114A5-4869-4E38-91CE-F889BF00FEBB}.Debug|x64.Build.0 = Debug|x64
		{166114A5-4869-4E38-91CE-F889BF00FEBB}.Debug|x86.ActiveCfg = Debug|Win32
		{166114A5-4869-4E38-91CE-F889BF00FEBB}.Debug|x86.Build.0 = Debug|Win32
		{166114A5-4869-4E38-91CE-F889BF00FEBB}.Release|x64.ActiveCfg = Release|x64
		{166114A5-4869-4E38-91CE-F889BF00FEBB}.Release|x64.Build.0 = Release|x64
		{166114A5-4869-4E38-91CE-F889BF00FEBB}.Release|x86.ActiveCfg = Release|Win32
		{166114A5-4869-4E38-91CE-F889BF00FEBB}.Release|x86.Build.0 = Release|Win32
		{166114A5-4869-4E38-91CE-F889BF00FEBB}.你好|x64.ActiveCfg = 你好|x64
		{166114A5-4869-4E38-91CE-F889BF00FEBB}.你好|x64.Build.0 = 你好|x64
		{166114A5-4869-4E38-91CE-F889BF00FEBB}.你好|x86.ActiveCfg = 你好|Win32
		{166114A5-4869-4E38-91CE-F889BF00FEBB}.你好|x86.Build.0 = 你好|Win32
		{0734CAE4-2C52-4D03-90F2-D92D1EA81E95}.1111|x64.ActiveCfg = Release|x64
		{0734CAE4-2C52-4D03-90F2-D92D1EA81E95}.1111|x64.Build.0 = Release|x64
		{0734CAE4-2C52-4D03-90F2-D92D1EA81E95}.1111|x86.ActiveCfg = 你好|Win32
		{0734CAE4-2C52-4D03-90F2-D92D1EA81E95}.1111|x86.Build.0 = 你好|Win32
		{0734CAE4-2C52-4D03-90F2-D92D1EA81E95}.Debug|x64.ActiveCfg = Debug|x64
		{0734CAE4-2C52-4D03-90F2-D92D1EA81E95}.Debug|x64.Build.0 = Debug|x64
		{0734CAE4-2C52-4D03-90F2-D92D1EA81E95}.Debug|x86.ActiveCfg = Debug|Win32
		{0734CAE4-2C52-4D03-90F2-D92D1EA81E95}.Debug|x86.Build.0 = Debug|Win32
		{0734CAE4-2C52-4D03-90F2-D92D1EA81E95}.Release|x64.ActiveCfg = Release|x64
		{0734CAE4-2C52-4D03-90F2-D92D1EA81E95}.Release|x64.Build.0 = Release|x64
		{0734CAE4-2C52-4D03-90F2-D92D1EA81E95}.Release|x86.ActiveCfg = Release|Win32
		{0734CAE4-2C52-4D03-90F2-D92D1EA81E95}.Release|x86.Build.0 = Release|Win32
		{0734CAE4-2C52-4D03-90F2-D92D1EA81E95}.你好|x64.ActiveCfg = 你好|x64
		{0734CAE4-2C52-4D03-90F2-D92D1EA81E95}.你好|x64.Build.0 = 你好|x64
		{0734CAE4-2C52-4D03-90F2-D92D1EA81E95}.你好|x86.ActiveCfg = 你好|Win32
		{0734CAE4-2C52-4D03-90F2-D92D1EA81E95}.你好|x86.Build.0 = 你好|Win32
		{CC21436D-E6C5-448C-8EB2-C3012B53E88B}.1111|x64.ActiveCfg = Release|x64
		{CC21436D-E6C5-448C-8EB2-C3012B53E88B}.1111|x64.Build.0 = Release|x64
		{CC21436D-E6C5-448C-8EB2-C3012B53E88B}.1111|x86.ActiveCfg = 你好|Win32
		{CC21436D-E6C5-448C-8EB2-C3012B53E88B}.1111|x86.Build.0 = 你好|Win32
		{CC21436D-E6C5-448C-8EB2-C3012B53E88B}.Debug|x64.ActiveCfg = Debug|x64
		{CC21436D-E6C5-448C-8EB2-C3012B53E88B}.Debug|x64.Build.0 = Debug|x64
		{CC21436D-E6C5-448C-8EB2-C3012B53E88B}.Debug|x86.ActiveCfg = Debug|Win32
		{CC21436D-E6C5-448C-8EB2-C3012B53E88B}.Debug|x86.Build.0 = Debug|Win32
		{CC21436D-E6C5-448C-8EB2-C3012B53E88B}.Release|x64.ActiveCfg = Release|x64
		{CC21436D-E6C5-448C-8EB2-C3012B53E88B}.Release|x64.Build.0 = Release|x64
		{CC21436D-E6C5-448C-8EB2-C3012B53E88B}.Release|x86.ActiveCfg = Release|Win32
		{CC21436D-E6C5-448C-8EB2-C3012B53E88B}.Release|x86.Build.0 = Release|Win32
		{CC21436D-E6C5-448C-8EB2-C3012B53E88B}.你好|x64.ActiveCfg = 你好|x64
		{CC21436D-E6C5-448C-8EB2-C3012B53E88B}.你好|x64.Build.0 = 你好|x64
		{CC21436D-E6C5-448C-8EB2-C3012B53E88B}.你好|x86.ActiveCfg = 你好|Win32
		{CC21436D-E6C5-448C-8EB2-C3012B53E88B}.你好|x86.Build.0 = 你好|Win32
		{3168BCDA-E481-4678-8B60-A716323059A5}.1111|x64.ActiveCfg = Release|x64
		{3168BCDA-E481-4678-8B60-A716323059A5}.1111|x64.Build.0 = Release|x64
		{3168BCDA-E481-4678-8B60-A716323059A5}.1111|x86.ActiveCfg = 你好|Win32
		{3168BCDA-E481-4678-8B60-A716323059A5}.1111|x86.Build.0 = 你好|Win32
		{3168BCDA-E481-4678-8B60-A716323059A5}.Debug|x64.ActiveCfg = Debug|x64
		{3168BCDA-E481-4678-8B60-A716323059A5}.Debug|x64.Build.0 = Debug|x64
		{3168BCDA-E481-4678-8B60-A716323059A5}.Debug|x86.ActiveCfg = Debug|Win32
		{3168BCDA-E481-4678-8B60-A716323059A5}.Debug|x86.Build.0 = Debug|Win32
		{3168BCDA-E481-4678-8B60-A716323059A5}.Release|x64.ActiveCfg = Release|x64
		{3168BCDA-E481-4678-8B60-A716323059A5}.Release|x64.Build.0 = Release|x64
		{3168BCDA-E481-4678-8B60-A716323059A5}.Release|x86.ActiveCfg = Release|Win32
		{3168BCDA-E481-4678-8B60-A716323059A5}.Release|x86.Build.0 = Release|Win32
		{3168BCDA-E481-4678-8B60-A716323059A5}.你好|x64.ActiveCfg = 你好|x64
		{3168BCDA-E481-4678-8B60-A716323059A5}.你好|x64.Build.0 = 你好|x64
		{3168BCDA-E481-4678-8B60-A716323059A5}.你好|x86.ActiveCfg = 你好|Win32
		{3168BCDA-E481-4678-8B60-A716323059A5}.你好|x86.Build.0 = 你好|Win32
		{C896B34F-FFE0-4798-AC13-016078BE9C5B}.1111|x64.ActiveCfg = Release|x64
		{C896B34F-FFE0-4798-AC13-016078BE9C5B}.1111|x64.Build.0 = Release|x64
		{C896B34F-FFE0-4798-AC13-016078BE9C5B}.1111|x86.ActiveCfg = 你好|Win32
		{C896B34F-FFE0-4798-AC13-016078BE9C5B}.1111|x86.Build.0 = 你好|Win32
		{C896B34F-FFE0-4798-AC13-016078BE9C5B}.Debug|x64.ActiveCfg = Debug|x64
		{C896B34F-FFE0-4798-AC13-016078BE9C5B}.Debug|x64.Build.0 = Debug|x64
		{C896B34F-FFE0-4798-AC13-016078BE9C5B}.Debug|x86.ActiveCfg = Debug|Win32
		{C896B34F-FFE0-4798-AC13-016078BE9C5B}.Debug|x86.Build.0 = Debug|Win32
		{C896B34F-FFE0-4798-AC13-016078BE9C5B}.Release|x64.ActiveCfg = Release|x64
		{C896B34F-FFE0-4798-AC13-016078BE9C5B}.Release|x64.Build.0 = Release|x64
		{C896B34F-FFE0-4798-AC13-016078BE9C5B}.Release|x86.ActiveCfg = Release|Win32
		{C896B34F-FFE0-4798-AC13-016078BE9C5B}.Release|x86.Build.0 = Release|Win32
		{C896B34F-FFE0-4798-AC13-016078BE9C5B}.你好|x64.ActiveCfg = 你好|x64
		{C896B34F-FFE0-4798-AC13-016078BE9C5B}.你好|x64.Build.0 = 你好|x64
		{C896B34F-FFE0-4798-AC13-016078BE9C5B}.你好|x86.ActiveCfg = 你好|Win32
		{C896B34F-FFE0-4798-AC13-016078BE9C5B}.你好|x86.Build.0 = 你好|Win32
		{9566902C-5941-4CB3-AA16-247A3A7D074C}.1111|x64.ActiveCfg = Release|x64
		{9566902C-5941-4CB3-AA16-247A3A7D074C}.1111|x64.Build.0 = Release|x64
		{9566902C-5941-4CB3-AA16-247A3A7D074C}.1111|x86.ActiveCfg = 你好|Win32
		{9566902C-5941-4CB3-AA16-247A3A7D074C}.1111|x86.Build.0 = 你好|Win32
		{9566902C-5941-4CB3-AA16-247A3A7D074C}.Debug|x64.ActiveCfg = Debug|x64
		{9566902C-5941-4CB3-AA16-247A3A7D074C}.Debug|x64.Build.0 = Debug|x64
		{9566902C-5941-4CB3-AA16-247A3A7D074C}.Debug|x86.ActiveCfg = Debug|Win32
		{9566902C-5941-4CB3-AA16-247A3A7D074C}.Debug|x86.Build.0 = Debug|Win32
		{9566902C-5941-4CB3-AA16-247A3A7D074C}.Release|x64.ActiveCfg = Release|x64
		{9566902C-5941-4CB3-AA16-247A3A7D074C}.Release|x64.Build.0 = Release|x64
		{9566902C-5941-4CB3-AA16-247A3A7D074C}.Release|x86.ActiveCfg = Release|Win32
		{9566902C-5941-4CB3-AA16-247A3A7D074C}.Release|x86.Build.0 = Release|Win32
		{9566902C-5941-4CB3-AA16-247A3A7D074C}.你好|x64.ActiveCfg = 你好|x64
		{9566902C-5941-4CB3-AA16-247A3A7D074C}.你好|x64.Build.0 = 你好|x64
		{9566902C-5941-4CB3-AA16-247A3A7D074C}.你好|x86.ActiveCfg = 你好|Win32
		{9566902C-5941-4CB3-AA16-247A3A7D074C}.你好|x86.Build.0 = 你好|Win32
	EndGlobalSection
	GlobalSection(SolutionProperties) = preSolution
		HideSolutionNode = FALSE
	EndGlobalSection
	GlobalSection(ExtensibilityGlobals) = postSolution
		SolutionGuid = {84AB0299-232A-45A1-9CC7-39EF148FEFC3}
	EndGlobalSection
EndGlobal
